PODS:
  - Flutter (1.0.0)
  - flutter_udesk_plugin (0.0.1):
    - Flutter

DEPENDENCIES:
  - Flutter (from `Flutter`)
  - flutter_udesk_plugin (from `.symlinks/plugins/flutter_udesk_plugin/ios`)

EXTERNAL SOURCES:
  Flutter:
    :path: Flutter
  flutter_udesk_plugin:
    :path: ".symlinks/plugins/flutter_udesk_plugin/ios"

SPEC CHECKSUMS:
  Flutter: 0e3d915762c693b495b44d77113d4970485de6ec
  flutter_udesk_plugin: 7a5ba4449ae74974e409243f2d0ae84357d77ff5

PODFILE CHECKSUM: f32fb4e7c14f8b3ca19a369d7be425dd9241af27

COCOAPODS: 1.9.3
